
Microsoft Visual Studio Solution File, Format Version 12.00
# Visual Studio Version 17
VisualStudioVersion = 17.10.35004.147
MinimumVisualStudioVersion = 10.0.40219.1
Project("{9A19103F-16F7-4668-BE54-9A1E7A4F7556}") = "TheProjectPOO", "TheProjectPOO\TheProjectPOO.csproj", "{5984F0A0-49C5-4821-8426-86C8C6A8E766}"
EndProject
Project("{FAE04EC0-301F-11D3-BF4B-00C04F79EFBC}") = "CapaPresentacionTienda", "CapaPresentacionTienda\CapaPresentacionTienda.csproj", "{55EFF867-2F7C-466B-A1F4-470CCB3C1CBD}"
EndProject
Project("{FAE04EC0-301F-11D3-BF4B-00C04F79EFBC}") = "CapaDatos", "CapaDatos\CapaDatos.csproj", "{B26D8619-B8E1-4A63-BB6A-3C226DA07638}"
EndProject
Project("{FAE04EC0-301F-11D3-BF4B-00C04F79EFBC}") = "CapaEntidad", "CapaEntidad\CapaEntidad.csproj", "{0C94510A-D413-4CDD-BA88-6496FD078BEF}"
EndProject
Project("{FAE04EC0-301F-11D3-BF4B-00C04F79EFBC}") = "CapaNegocio", "CapaNegocio\CapaNegocio.csproj", "{23AC399B-534B-4ADA-AAA9-601A4AE9D8EA}"
EndProject
Global
	GlobalSection(SolutionConfigurationPlatforms) = preSolution
		Debug|Any CPU = Debug|Any CPU
		Release|Any CPU = Release|Any CPU
	EndGlobalSection
	GlobalSection(ProjectConfigurationPlatforms) = postSolution
		{5984F0A0-49C5-4821-8426-86C8C6A8E766}.Debug|Any CPU.ActiveCfg = Debug|Any CPU
		{5984F0A0-49C5-4821-8426-86C8C6A8E766}.Debug|Any CPU.Build.0 = Debug|Any CPU
		{5984F0A0-49C5-4821-8426-86C8C6A8E766}.Release|Any CPU.ActiveCfg = Release|Any CPU
		{5984F0A0-49C5-4821-8426-86C8C6A8E766}.Release|Any CPU.Build.0 = Release|Any CPU
		{55EFF867-2F7C-466B-A1F4-470CCB3C1CBD}.Debug|Any CPU.ActiveCfg = Debug|Any CPU
		{55EFF867-2F7C-466B-A1F4-470CCB3C1CBD}.Debug|Any CPU.Build.0 = Debug|Any CPU
		{55EFF867-2F7C-466B-A1F4-470CCB3C1CBD}.Release|Any CPU.ActiveCfg = Release|Any CPU
		{55EFF867-2F7C-466B-A1F4-470CCB3C1CBD}.Release|Any CPU.Build.0 = Release|Any CPU
		{B26D8619-B8E1-4A63-BB6A-3C226DA07638}.Debug|Any CPU.ActiveCfg = Debug|Any CPU
		{B26D8619-B8E1-4A63-BB6A-3C226DA07638}.Debug|Any CPU.Build.0 = Debug|Any CPU
		{B26D8619-B8E1-4A63-BB6A-3C226DA07638}.Release|Any CPU.ActiveCfg = Release|Any CPU
		{B26D8619-B8E1-4A63-BB6A-3C226DA07638}.Release|Any CPU.Build.0 = Release|Any CPU
		{0C94510A-D413-4CDD-BA88-6496FD078BEF}.Debug|Any CPU.ActiveCfg = Debug|Any CPU
		{0C94510A-D413-4CDD-BA88-6496FD078BEF}.Debug|Any CPU.Build.0 = Debug|Any CPU
		{0C94510A-D413-4CDD-BA88-6496FD078BEF}.Release|Any CPU.ActiveCfg = Release|Any CPU
		{0C94510A-D413-4CDD-BA88-6496FD078BEF}.Release|Any CPU.Build.0 = Release|Any CPU
		{23AC399B-534B-4ADA-AAA9-601A4AE9D8EA}.Debug|Any CPU.ActiveCfg = Debug|Any CPU
		{23AC399B-534B-4ADA-AAA9-601A4AE9D8EA}.Debug|Any CPU.Build.0 = Debug|Any CPU
		{23AC399B-534B-4ADA-AAA9-601A4AE9D8EA}.Release|Any CPU.ActiveCfg = Release|Any CPU
		{23AC399B-534B-4ADA-AAA9-601A4AE9D8EA}.Release|Any CPU.Build.0 = Release|Any CPU
	EndGlobalSection
	GlobalSection(SolutionProperties) = preSolution
		HideSolutionNode = FALSE
	EndGlobalSection
	GlobalSection(ExtensibilityGlobals) = postSolution
		SolutionGuid = {C90ECAC7-FA47-4975-888F-A5DF74510523}
	EndGlobalSection
EndGlobal
